// !$*UTF8*$!
{
	archiveVersion = 1;
	classes = {
	};
	objectVersion = 52;
	objects = {

/* Begin PBXBuildFile section */
		024989B125770004000BAD0D /* MVCViewController.swift in Sources */ = {isa = PBXBuildFile; fileRef = 024989B025770004000BAD0D /* MVCViewController.swift */; };
		024989B5257700B7000BAD0D /* NibLessViewController.swift in Sources */ = {isa = PBXBuildFile; fileRef = 024989B4257700B7000BAD0D /* NibLessViewController.swift */; };
		024989B9257707A3000BAD0D /* TheCocktailDbAPI.swift in Sources */ = {isa = PBXBuildFile; fileRef = 024989B8257707A3000BAD0D /* TheCocktailDbAPI.swift */; };
		02EE6A6F256F3C92009C69F3 /* 02-ArchitecturalPatterns.swift in Sources */ = {isa = PBXBuildFile; fileRef = 02EE6A6E256F3C92009C69F3 /* 02-ArchitecturalPatterns.swift */; };
		210A2842253FD45C0054D0B1 /* 01-SearchAsYouTypeTests.swift in Sources */ = {isa = PBXBuildFile; fileRef = 210A2841253FD45C0054D0B1 /* 01-SearchAsYouTypeTests.swift */; };
		210A2847253FE7CA0054D0B1 /* CombineSchedulers in Frameworks */ = {isa = PBXBuildFile; productRef = 210A2846253FE7CA0054D0B1 /* CombineSchedulers */; };
		210A284C253FFB590054D0B1 /* TheMovieDbAPI.swift in Sources */ = {isa = PBXBuildFile; fileRef = 210A284B253FFB590054D0B1 /* TheMovieDbAPI.swift */; };
		21167587253E3BEE0097785B /* README.md in Resources */ = {isa = PBXBuildFile; fileRef = 21167586253E3BEE0097785B /* README.md */; };
		21167591253E41C60097785B /* 01-SeachAsYouTypeView.swift in Sources */ = {isa = PBXBuildFile; fileRef = 21167590253E41C60097785B /* 01-SeachAsYouTypeView.swift */; };
		217C8087254627AA00B5E307 /* Cancellation.swift in Sources */ = {isa = PBXBuildFile; fileRef = 217C8086254627AA00B5E307 /* Cancellation.swift */; };
		217C808B25462E6600B5E307 /* AnyPublisher+Helpers.swift in Sources */ = {isa = PBXBuildFile; fileRef = 217C808A25462E6600B5E307 /* AnyPublisher+Helpers.swift */; };
		217C80932547B39200B5E307 /* MeLiAPI.swift in Sources */ = {isa = PBXBuildFile; fileRef = 217C80922547B39200B5E307 /* MeLiAPI.swift */; };
		217C80972547B39900B5E307 /* SpotifyAPI.swift in Sources */ = {isa = PBXBuildFile; fileRef = 217C80962547B39900B5E307 /* SpotifyAPI.swift */; };
		21AEEFDE253E3B690057E515 /* AppDelegate.swift in Sources */ = {isa = PBXBuildFile; fileRef = 21AEEFDD253E3B690057E515 /* AppDelegate.swift */; };
		21AEEFE0253E3B690057E515 /* SceneDelegate.swift in Sources */ = {isa = PBXBuildFile; fileRef = 21AEEFDF253E3B690057E515 /* SceneDelegate.swift */; };
		21AEEFE2253E3B690057E515 /* RootView.swift in Sources */ = {isa = PBXBuildFile; fileRef = 21AEEFE1253E3B690057E515 /* RootView.swift */; };
		21AEEFE4253E3B6B0057E515 /* Assets.xcassets in Resources */ = {isa = PBXBuildFile; fileRef = 21AEEFE3253E3B6B0057E515 /* Assets.xcassets */; };
		21AEEFE7253E3B6C0057E515 /* Preview Assets.xcassets in Resources */ = {isa = PBXBuildFile; fileRef = 21AEEFE6253E3B6C0057E515 /* Preview Assets.xcassets */; };
		21AEEFEA253E3B6C0057E515 /* LaunchScreen.storyboard in Resources */ = {isa = PBXBuildFile; fileRef = 21AEEFE8253E3B6C0057E515 /* LaunchScreen.storyboard */; };
		21AEEFF5253E3B6C0057E515 /* CaseStudiesTests.swift in Sources */ = {isa = PBXBuildFile; fileRef = 21AEEFF4253E3B6C0057E515 /* CaseStudiesTests.swift */; };
/* End PBXBuildFile section */

/* Begin PBXContainerItemProxy section */
		21AEEFF1253E3B6C0057E515 /* PBXContainerItemProxy */ = {
			isa = PBXContainerItemProxy;
			containerPortal = 21AEEFD2253E3B690057E515 /* Project object */;
			proxyType = 1;
			remoteGlobalIDString = 21AEEFD9253E3B690057E515;
			remoteInfo = CaseStudies;
		};
/* End PBXContainerItemProxy section */

/* Begin PBXFileReference section */
		024989B025770004000BAD0D /* MVCViewController.swift */ = {isa = PBXFileReference; lastKnownFileType = sourcecode.swift; path = MVCViewController.swift; sourceTree = "<group>"; };
		024989B4257700B7000BAD0D /* NibLessViewController.swift */ = {isa = PBXFileReference; lastKnownFileType = sourcecode.swift; path = NibLessViewController.swift; sourceTree = "<group>"; };
		024989B8257707A3000BAD0D /* TheCocktailDbAPI.swift */ = {isa = PBXFileReference; lastKnownFileType = sourcecode.swift; path = TheCocktailDbAPI.swift; sourceTree = "<group>"; };
		02EE6A6D256F381E009C69F3 /* 02-ArchitecturalPatterns.md */ = {isa = PBXFileReference; lastKnownFileType = net.daringfireball.markdown; path = "02-ArchitecturalPatterns.md"; sourceTree = "<group>"; };
		02EE6A6E256F3C92009C69F3 /* 02-ArchitecturalPatterns.swift */ = {isa = PBXFileReference; lastKnownFileType = sourcecode.swift; path = "02-ArchitecturalPatterns.swift"; sourceTree = "<group>"; };
		210A2841253FD45C0054D0B1 /* 01-SearchAsYouTypeTests.swift */ = {isa = PBXFileReference; lastKnownFileType = sourcecode.swift; path = "01-SearchAsYouTypeTests.swift"; sourceTree = "<group>"; };
		210A284B253FFB590054D0B1 /* TheMovieDbAPI.swift */ = {isa = PBXFileReference; lastKnownFileType = sourcecode.swift; path = TheMovieDbAPI.swift; sourceTree = "<group>"; };
		21167586253E3BEE0097785B /* README.md */ = {isa = PBXFileReference; fileEncoding = 4; lastKnownFileType = net.daringfireball.markdown; path = README.md; sourceTree = "<group>"; };
		2116758D253E3EF60097785B /* 01-SearchAsYouType.md */ = {isa = PBXFileReference; lastKnownFileType = net.daringfireball.markdown; path = "01-SearchAsYouType.md"; sourceTree = "<group>"; };
		21167590253E41C60097785B /* 01-SeachAsYouTypeView.swift */ = {isa = PBXFileReference; lastKnownFileType = sourcecode.swift; path = "01-SeachAsYouTypeView.swift"; sourceTree = "<group>"; };
		217C8086254627AA00B5E307 /* Cancellation.swift */ = {isa = PBXFileReference; lastKnownFileType = sourcecode.swift; path = Cancellation.swift; sourceTree = "<group>"; };
		217C808A25462E6600B5E307 /* AnyPublisher+Helpers.swift */ = {isa = PBXFileReference; lastKnownFileType = sourcecode.swift; path = "AnyPublisher+Helpers.swift"; sourceTree = "<group>"; };
		217C80922547B39200B5E307 /* MeLiAPI.swift */ = {isa = PBXFileReference; fileEncoding = 4; lastKnownFileType = sourcecode.swift; path = MeLiAPI.swift; sourceTree = "<group>"; };
		217C80962547B39900B5E307 /* SpotifyAPI.swift */ = {isa = PBXFileReference; fileEncoding = 4; lastKnownFileType = sourcecode.swift; path = SpotifyAPI.swift; sourceTree = "<group>"; };
		21AEEFDA253E3B690057E515 /* CaseStudies.app */ = {isa = PBXFileReference; explicitFileType = wrapper.application; includeInIndex = 0; path = CaseStudies.app; sourceTree = BUILT_PRODUCTS_DIR; };
		21AEEFDD253E3B690057E515 /* AppDelegate.swift */ = {isa = PBXFileReference; lastKnownFileType = sourcecode.swift; path = AppDelegate.swift; sourceTree = "<group>"; };
		21AEEFDF253E3B690057E515 /* SceneDelegate.swift */ = {isa = PBXFileReference; lastKnownFileType = sourcecode.swift; path = SceneDelegate.swift; sourceTree = "<group>"; };
		21AEEFE1253E3B690057E515 /* RootView.swift */ = {isa = PBXFileReference; lastKnownFileType = sourcecode.swift; path = RootView.swift; sourceTree = "<group>"; };
		21AEEFE3253E3B6B0057E515 /* Assets.xcassets */ = {isa = PBXFileReference; lastKnownFileType = folder.assetcatalog; path = Assets.xcassets; sourceTree = "<group>"; };
		21AEEFE6253E3B6C0057E515 /* Preview Assets.xcassets */ = {isa = PBXFileReference; lastKnownFileType = folder.assetcatalog; path = "Preview Assets.xcassets"; sourceTree = "<group>"; };
		21AEEFE9253E3B6C0057E515 /* Base */ = {isa = PBXFileReference; lastKnownFileType = file.storyboard; name = Base; path = Base.lproj/LaunchScreen.storyboard; sourceTree = "<group>"; };
		21AEEFEB253E3B6C0057E515 /* Info.plist */ = {isa = PBXFileReference; lastKnownFileType = text.plist.xml; path = Info.plist; sourceTree = "<group>"; };
		21AEEFF0253E3B6C0057E515 /* CaseStudiesTests.xctest */ = {isa = PBXFileReference; explicitFileType = wrapper.cfbundle; includeInIndex = 0; path = CaseStudiesTests.xctest; sourceTree = BUILT_PRODUCTS_DIR; };
		21AEEFF4253E3B6C0057E515 /* CaseStudiesTests.swift */ = {isa = PBXFileReference; lastKnownFileType = sourcecode.swift; path = CaseStudiesTests.swift; sourceTree = "<group>"; };
		21AEEFF6253E3B6C0057E515 /* Info.plist */ = {isa = PBXFileReference; lastKnownFileType = text.plist.xml; path = Info.plist; sourceTree = "<group>"; };
/* End PBXFileReference section */

/* Begin PBXFrameworksBuildPhase section */
		21AEEFD7253E3B690057E515 /* Frameworks */ = {
			isa = PBXFrameworksBuildPhase;
			buildActionMask = 2147483647;
			files = (
				210A2847253FE7CA0054D0B1 /* CombineSchedulers in Frameworks */,
			);
			runOnlyForDeploymentPostprocessing = 0;
		};
		21AEEFED253E3B6C0057E515 /* Frameworks */ = {
			isa = PBXFrameworksBuildPhase;
			buildActionMask = 2147483647;
			files = (
			);
			runOnlyForDeploymentPostprocessing = 0;
		};
/* End PBXFrameworksBuildPhase section */

/* Begin PBXGroup section */
		02EE6A6C256F37BA009C69F3 /* 02-ArchitecturalPatterns */ = {
			isa = PBXGroup;
			children = (
				02EE6A74256F3CA4009C69F3 /* MVC */,
				024989B4257700B7000BAD0D /* NibLessViewController.swift */,
			);
			path = "02-ArchitecturalPatterns";
			sourceTree = "<group>";
		};
		02EE6A74256F3CA4009C69F3 /* MVC */ = {
			isa = PBXGroup;
			children = (
				024989B025770004000BAD0D /* MVCViewController.swift */,
			);
			path = MVC;
			sourceTree = "<group>";
		};
		210A284A253FFB430054D0B1 /* Internal */ = {
			isa = PBXGroup;
			children = (
				217C80922547B39200B5E307 /* MeLiAPI.swift */,
				217C80962547B39900B5E307 /* SpotifyAPI.swift */,
				210A284B253FFB590054D0B1 /* TheMovieDbAPI.swift */,
				024989B8257707A3000BAD0D /* TheCocktailDbAPI.swift */,
			);
			path = Internal;
			sourceTree = "<group>";
		};
		2116758C253E3ED90097785B /* Guides */ = {
			isa = PBXGroup;
			children = (
				2116758D253E3EF60097785B /* 01-SearchAsYouType.md */,
				02EE6A6D256F381E009C69F3 /* 02-ArchitecturalPatterns.md */,
			);
			path = Guides;
			sourceTree = "<group>";
		};
		217C80852546275800B5E307 /* Combine */ = {
			isa = PBXGroup;
			children = (
				217C808A25462E6600B5E307 /* AnyPublisher+Helpers.swift */,
				217C8086254627AA00B5E307 /* Cancellation.swift */,
			);
			path = Combine;
			sourceTree = "<group>";
		};
		21AEEFD1253E3B690057E515 = {
			isa = PBXGroup;
			children = (
				21167586253E3BEE0097785B /* README.md */,
				2116758C253E3ED90097785B /* Guides */,
				21AEEFDC253E3B690057E515 /* CaseStudies */,
				21AEEFF3253E3B6C0057E515 /* CaseStudiesTests */,
				21AEEFDB253E3B690057E515 /* Products */,
			);
			sourceTree = "<group>";
		};
		21AEEFDB253E3B690057E515 /* Products */ = {
			isa = PBXGroup;
			children = (
				21AEEFDA253E3B690057E515 /* CaseStudies.app */,
				21AEEFF0253E3B6C0057E515 /* CaseStudiesTests.xctest */,
			);
			name = Products;
			sourceTree = "<group>";
		};
		21AEEFDC253E3B690057E515 /* CaseStudies */ = {
			isa = PBXGroup;
			children = (
				217C80852546275800B5E307 /* Combine */,
				210A284A253FFB430054D0B1 /* Internal */,
				21AEEFDD253E3B690057E515 /* AppDelegate.swift */,
				21AEEFDF253E3B690057E515 /* SceneDelegate.swift */,
				21AEEFE1253E3B690057E515 /* RootView.swift */,
				21167590253E41C60097785B /* 01-SeachAsYouTypeView.swift */,
				02EE6A6E256F3C92009C69F3 /* 02-ArchitecturalPatterns.swift */,
				02EE6A6C256F37BA009C69F3 /* 02-ArchitecturalPatterns */,
				21AEEFE3253E3B6B0057E515 /* Assets.xcassets */,
				21AEEFE8253E3B6C0057E515 /* LaunchScreen.storyboard */,
				21AEEFEB253E3B6C0057E515 /* Info.plist */,
				21AEEFE5253E3B6C0057E515 /* Preview Content */,
			);
			path = CaseStudies;
			sourceTree = "<group>";
		};
		21AEEFE5253E3B6C0057E515 /* Preview Content */ = {
			isa = PBXGroup;
			children = (
				21AEEFE6253E3B6C0057E515 /* Preview Assets.xcassets */,
			);
			path = "Preview Content";
			sourceTree = "<group>";
		};
		21AEEFF3253E3B6C0057E515 /* CaseStudiesTests */ = {
			isa = PBXGroup;
			children = (
				21AEEFF4253E3B6C0057E515 /* CaseStudiesTests.swift */,
				21AEEFF6253E3B6C0057E515 /* Info.plist */,
				210A2841253FD45C0054D0B1 /* 01-SearchAsYouTypeTests.swift */,
			);
			path = CaseStudiesTests;
			sourceTree = "<group>";
		};
/* End PBXGroup section */

/* Begin PBXNativeTarget section */
		21AEEFD9253E3B690057E515 /* CaseStudies */ = {
			isa = PBXNativeTarget;
			buildConfigurationList = 21AEF004253E3B6C0057E515 /* Build configuration list for PBXNativeTarget "CaseStudies" */;
			buildPhases = (
				21AEEFD6253E3B690057E515 /* Sources */,
				21AEEFD7253E3B690057E515 /* Frameworks */,
				21AEEFD8253E3B690057E515 /* Resources */,
			);
			buildRules = (
			);
			dependencies = (
			);
			name = CaseStudies;
			packageProductDependencies = (
				210A2846253FE7CA0054D0B1 /* CombineSchedulers */,
			);
			productName = CaseStudies;
			productReference = 21AEEFDA253E3B690057E515 /* CaseStudies.app */;
			productType = "com.apple.product-type.application";
		};
		21AEEFEF253E3B6C0057E515 /* CaseStudiesTests */ = {
			isa = PBXNativeTarget;
			buildConfigurationList = 21AEF007253E3B6C0057E515 /* Build configuration list for PBXNativeTarget "CaseStudiesTests" */;
			buildPhases = (
				21AEEFEC253E3B6C0057E515 /* Sources */,
				21AEEFED253E3B6C0057E515 /* Frameworks */,
				21AEEFEE253E3B6C0057E515 /* Resources */,
			);
			buildRules = (
			);
			dependencies = (
				21AEEFF2253E3B6C0057E515 /* PBXTargetDependency */,
			);
			name = CaseStudiesTests;
			productName = CaseStudiesTests;
			productReference = 21AEEFF0253E3B6C0057E515 /* CaseStudiesTests.xctest */;
			productType = "com.apple.product-type.bundle.unit-test";
		};
/* End PBXNativeTarget section */

/* Begin PBXProject section */
		21AEEFD2253E3B690057E515 /* Project object */ = {
			isa = PBXProject;
			attributes = {
				LastSwiftUpdateCheck = 1200;
				LastUpgradeCheck = 1200;
				TargetAttributes = {
					21AEEFD9253E3B690057E515 = {
						CreatedOnToolsVersion = 12.0;
					};
					21AEEFEF253E3B6C0057E515 = {
						CreatedOnToolsVersion = 12.0;
						TestTargetID = 21AEEFD9253E3B690057E515;
					};
				};
			};
			buildConfigurationList = 21AEEFD5253E3B690057E515 /* Build configuration list for PBXProject "CaseStudies" */;
			compatibilityVersion = "Xcode 9.3";
			developmentRegion = en;
			hasScannedForEncodings = 0;
			knownRegions = (
				en,
				Base,
			);
			mainGroup = 21AEEFD1253E3B690057E515;
			packageReferences = (
				210A2845253FE7CA0054D0B1 /* XCRemoteSwiftPackageReference "combine-schedulers" */,
			);
			productRefGroup = 21AEEFDB253E3B690057E515 /* Products */;
			projectDirPath = "";
			projectRoot = "";
			targets = (
				21AEEFD9253E3B690057E515 /* CaseStudies */,
				21AEEFEF253E3B6C0057E515 /* CaseStudiesTests */,
			);
		};
/* End PBXProject section */

/* Begin PBXResourcesBuildPhase section */
		21AEEFD8253E3B690057E515 /* Resources */ = {
			isa = PBXResourcesBuildPhase;
			buildActionMask = 2147483647;
			files = (
				21AEEFEA253E3B6C0057E515 /* LaunchScreen.storyboard in Resources */,
				21AEEFE7253E3B6C0057E515 /* Preview Assets.xcassets in Resources */,
				21167587253E3BEE0097785B /* README.md in Resources */,
				21AEEFE4253E3B6B0057E515 /* Assets.xcassets in Resources */,
			);
			runOnlyForDeploymentPostprocessing = 0;
		};
		21AEEFEE253E3B6C0057E515 /* Resources */ = {
			isa = PBXResourcesBuildPhase;
			buildActionMask = 2147483647;
			files = (
			);
			runOnlyForDeploymentPostprocessing = 0;
		};
/* End PBXResourcesBuildPhase section */

/* Begin PBXSourcesBuildPhase section */
		21AEEFD6253E3B690057E515 /* Sources */ = {
			isa = PBXSourcesBuildPhase;
			buildActionMask = 2147483647;
			files = (
				02EE6A6F256F3C92009C69F3 /* 02-ArchitecturalPatterns.swift in Sources */,
				217C80972547B39900B5E307 /* SpotifyAPI.swift in Sources */,
				21AEEFDE253E3B690057E515 /* AppDelegate.swift in Sources */,
				217C80932547B39200B5E307 /* MeLiAPI.swift in Sources */,
				024989B125770004000BAD0D /* MVCViewController.swift in Sources */,
				024989B5257700B7000BAD0D /* NibLessViewController.swift in Sources */,
				21167591253E41C60097785B /* 01-SeachAsYouTypeView.swift in Sources */,
				21AEEFE0253E3B690057E515 /* SceneDelegate.swift in Sources */,
				024989B9257707A3000BAD0D /* TheCocktailDbAPI.swift in Sources */,
				217C808B25462E6600B5E307 /* AnyPublisher+Helpers.swift in Sources */,
				21AEEFE2253E3B690057E515 /* RootView.swift in Sources */,
				217C8087254627AA00B5E307 /* Cancellation.swift in Sources */,
				210A284C253FFB590054D0B1 /* TheMovieDbAPI.swift in Sources */,
			);
			runOnlyForDeploymentPostprocessing = 0;
		};
		21AEEFEC253E3B6C0057E515 /* Sources */ = {
			isa = PBXSourcesBuildPhase;
			buildActionMask = 2147483647;
			files = (
				210A2842253FD45C0054D0B1 /* 01-SearchAsYouTypeTests.swift in Sources */,
				21AEEFF5253E3B6C0057E515 /* CaseStudiesTests.swift in Sources */,
			);
			runOnlyForDeploymentPostprocessing = 0;
		};
/* End PBXSourcesBuildPhase section */

/* Begin PBXTargetDependency section */
		21AEEFF2253E3B6C0057E515 /* PBXTargetDependency */ = {
			isa = PBXTargetDependency;
			target = 21AEEFD9253E3B690057E515 /* CaseStudies */;
			targetProxy = 21AEEFF1253E3B6C0057E515 /* PBXContainerItemProxy */;
		};
/* End PBXTargetDependency section */

/* Begin PBXVariantGroup section */
		21AEEFE8253E3B6C0057E515 /* LaunchScreen.storyboard */ = {
			isa = PBXVariantGroup;
			children = (
				21AEEFE9253E3B6C0057E515 /* Base */,
			);
			name = LaunchScreen.storyboard;
			sourceTree = "<group>";
		};
/* End PBXVariantGroup section */

/* Begin XCBuildConfiguration section */
		21AEF002253E3B6C0057E515 /* Debug */ = {
			isa = XCBuildConfiguration;
			buildSettings = {
				ALWAYS_SEARCH_USER_PATHS = NO;
				CLANG_ANALYZER_NONNULL = YES;
				CLANG_ANALYZER_NUMBER_OBJECT_CONVERSION = YES_AGGRESSIVE;
				CLANG_CXX_LANGUAGE_STANDARD = "gnu++14";
				CLANG_CXX_LIBRARY = "libc++";
				CLANG_ENABLE_MODULES = YES;
				CLANG_ENABLE_OBJC_ARC = YES;
				CLANG_ENABLE_OBJC_WEAK = YES;
				CLANG_WARN_BLOCK_CAPTURE_AUTORELEASING = YES;
				CLANG_WARN_BOOL_CONVERSION = YES;
				CLANG_WARN_COMMA = YES;
				CLANG_WARN_CONSTANT_CONVERSION = YES;
				CLANG_WARN_DEPRECATED_OBJC_IMPLEMENTATIONS = YES;
				CLANG_WARN_DIRECT_OBJC_ISA_USAGE = YES_ERROR;
				CLANG_WARN_DOCUMENTATION_COMMENTS = YES;
				CLANG_WARN_EMPTY_BODY = YES;
				CLANG_WARN_ENUM_CONVERSION = YES;
				CLANG_WARN_INFINITE_RECURSION = YES;
				CLANG_WARN_INT_CONVERSION = YES;
				CLANG_WARN_NON_LITERAL_NULL_CONVERSION = YES;
				CLANG_WARN_OBJC_IMPLICIT_RETAIN_SELF = YES;
				CLANG_WARN_OBJC_LITERAL_CONVERSION = YES;
				CLANG_WARN_OBJC_ROOT_CLASS = YES_ERROR;
				CLANG_WARN_QUOTED_INCLUDE_IN_FRAMEWORK_HEADER = YES;
				CLANG_WARN_RANGE_LOOP_ANALYSIS = YES;
				CLANG_WARN_STRICT_PROTOTYPES = YES;
				CLANG_WARN_SUSPICIOUS_MOVE = YES;
				CLANG_WARN_UNGUARDED_AVAILABILITY = YES_AGGRESSIVE;
				CLANG_WARN_UNREACHABLE_CODE = YES;
				CLANG_WARN__DUPLICATE_METHOD_MATCH = YES;
				COPY_PHASE_STRIP = NO;
				DEBUG_INFORMATION_FORMAT = dwarf;
				ENABLE_STRICT_OBJC_MSGSEND = YES;
				ENABLE_TESTABILITY = YES;
				GCC_C_LANGUAGE_STANDARD = gnu11;
				GCC_DYNAMIC_NO_PIC = NO;
				GCC_NO_COMMON_BLOCKS = YES;
				GCC_OPTIMIZATION_LEVEL = 0;
				GCC_PREPROCESSOR_DEFINITIONS = (
					"DEBUG=1",
					"$(inherited)",
				);
				GCC_WARN_64_TO_32_BIT_CONVERSION = YES;
				GCC_WARN_ABOUT_RETURN_TYPE = YES_ERROR;
				GCC_WARN_UNDECLARED_SELECTOR = YES;
				GCC_WARN_UNINITIALIZED_AUTOS = YES_AGGRESSIVE;
				GCC_WARN_UNUSED_FUNCTION = YES;
				GCC_WARN_UNUSED_VARIABLE = YES;
				IPHONEOS_DEPLOYMENT_TARGET = 14.0;
				MTL_ENABLE_DEBUG_INFO = INCLUDE_SOURCE;
				MTL_FAST_MATH = YES;
				ONLY_ACTIVE_ARCH = YES;
				SDKROOT = iphoneos;
				SWIFT_ACTIVE_COMPILATION_CONDITIONS = DEBUG;
				SWIFT_OPTIMIZATION_LEVEL = "-Onone";
			};
			name = Debug;
		};
		21AEF003253E3B6C0057E515 /* Release */ = {
			isa = XCBuildConfiguration;
			buildSettings = {
				ALWAYS_SEARCH_USER_PATHS = NO;
				CLANG_ANALYZER_NONNULL = YES;
				CLANG_ANALYZER_NUMBER_OBJECT_CONVERSION = YES_AGGRESSIVE;
				CLANG_CXX_LANGUAGE_STANDARD = "gnu++14";
				CLANG_CXX_LIBRARY = "libc++";
				CLANG_ENABLE_MODULES = YES;
				CLANG_ENABLE_OBJC_ARC = YES;
				CLANG_ENABLE_OBJC_WEAK = YES;
				CLANG_WARN_BLOCK_CAPTURE_AUTORELEASING = YES;
				CLANG_WARN_BOOL_CONVERSION = YES;
				CLANG_WARN_COMMA = YES;
				CLANG_WARN_CONSTANT_CONVERSION = YES;
				CLANG_WARN_DEPRECATED_OBJC_IMPLEMENTATIONS = YES;
				CLANG_WARN_DIRECT_OBJC_ISA_USAGE = YES_ERROR;
				CLANG_WARN_DOCUMENTATION_COMMENTS = YES;
				CLANG_WARN_EMPTY_BODY = YES;
				CLANG_WARN_ENUM_CONVERSION = YES;
				CLANG_WARN_INFINITE_RECURSION = YES;
				CLANG_WARN_INT_CONVERSION = YES;
				CLANG_WARN_NON_LITERAL_NULL_CONVERSION = YES;
				CLANG_WARN_OBJC_IMPLICIT_RETAIN_SELF = YES;
				CLANG_WARN_OBJC_LITERAL_CONVERSION = YES;
				CLANG_WARN_OBJC_ROOT_CLASS = YES_ERROR;
				CLANG_WARN_QUOTED_INCLUDE_IN_FRAMEWORK_HEADER = YES;
				CLANG_WARN_RANGE_LOOP_ANALYSIS = YES;
				CLANG_WARN_STRICT_PROTOTYPES = YES;
				CLANG_WARN_SUSPICIOUS_MOVE = YES;
				CLANG_WARN_UNGUARDED_AVAILABILITY = YES_AGGRESSIVE;
				CLANG_WARN_UNREACHABLE_CODE = YES;
				CLANG_WARN__DUPLICATE_METHOD_MATCH = YES;
				COPY_PHASE_STRIP = NO;
				DEBUG_INFORMATION_FORMAT = "dwarf-with-dsym";
				ENABLE_NS_ASSERTIONS = NO;
				ENABLE_STRICT_OBJC_MSGSEND = YES;
				GCC_C_LANGUAGE_STANDARD = gnu11;
				GCC_NO_COMMON_BLOCKS = YES;
				GCC_WARN_64_TO_32_BIT_CONVERSION = YES;
				GCC_WARN_ABOUT_RETURN_TYPE = YES_ERROR;
				GCC_WARN_UNDECLARED_SELECTOR = YES;
				GCC_WARN_UNINITIALIZED_AUTOS = YES_AGGRESSIVE;
				GCC_WARN_UNUSED_FUNCTION = YES;
				GCC_WARN_UNUSED_VARIABLE = YES;
				IPHONEOS_DEPLOYMENT_TARGET = 14.0;
				MTL_ENABLE_DEBUG_INFO = NO;
				MTL_FAST_MATH = YES;
				SDKROOT = iphoneos;
				SWIFT_COMPILATION_MODE = wholemodule;
				SWIFT_OPTIMIZATION_LEVEL = "-O";
				VALIDATE_PRODUCT = YES;
			};
			name = Release;
		};
		21AEF005253E3B6C0057E515 /* Debug */ = {
			isa = XCBuildConfiguration;
			buildSettings = {
				ASSETCATALOG_COMPILER_APPICON_NAME = AppIcon;
				ASSETCATALOG_COMPILER_GLOBAL_ACCENT_COLOR_NAME = AccentColor;
				CODE_SIGN_STYLE = Automatic;
				DEVELOPMENT_ASSET_PATHS = "\"CaseStudies/Preview Content\"";
				ENABLE_PREVIEWS = YES;
				INFOPLIST_FILE = CaseStudies/Info.plist;
				LD_RUNPATH_SEARCH_PATHS = (
					"$(inherited)",
					"@executable_path/Frameworks",
				);
				PRODUCT_BUNDLE_IDENTIFIER = com.jlainog.CaseStudies;
				PRODUCT_NAME = "$(TARGET_NAME)";
				SWIFT_VERSION = 5.0;
				TARGETED_DEVICE_FAMILY = "1,2";
			};
			name = Debug;
		};
		21AEF006253E3B6C0057E515 /* Release */ = {
			isa = XCBuildConfiguration;
			buildSettings = {
				ASSETCATALOG_COMPILER_APPICON_NAME = AppIcon;
				ASSETCATALOG_COMPILER_GLOBAL_ACCENT_COLOR_NAME = AccentColor;
				CODE_SIGN_STYLE = Automatic;
				DEVELOPMENT_ASSET_PATHS = "\"CaseStudies/Preview Content\"";
				ENABLE_PREVIEWS = YES;
				INFOPLIST_FILE = CaseStudies/Info.plist;
				LD_RUNPATH_SEARCH_PATHS = (
					"$(inherited)",
					"@executable_path/Frameworks",
				);
				PRODUCT_BUNDLE_IDENTIFIER = com.jlainog.CaseStudies;
				PRODUCT_NAME = "$(TARGET_NAME)";
				SWIFT_VERSION = 5.0;
				TARGETED_DEVICE_FAMILY = "1,2";
			};
			name = Release;
		};
		21AEF008253E3B6C0057E515 /* Debug */ = {
			isa = XCBuildConfiguration;
			buildSettings = {
				ALWAYS_EMBED_SWIFT_STANDARD_LIBRARIES = YES;
				BUNDLE_LOADER = "$(TEST_HOST)";
				CODE_SIGN_STYLE = Automatic;
				INFOPLIST_FILE = CaseStudiesTests/Info.plist;
				IPHONEOS_DEPLOYMENT_TARGET = 14.0;
				LD_RUNPATH_SEARCH_PATHS = (
					"$(inherited)",
					"@executable_path/Frameworks",
					"@loader_path/Frameworks",
				);
				PRODUCT_BUNDLE_IDENTIFIER = com.jlainog.CaseStudiesTests;
				PRODUCT_NAME = "$(TARGET_NAME)";
				SWIFT_VERSION = 5.0;
				TARGETED_DEVICE_FAMILY = "1,2";
				TEST_HOST = "$(BUILT_PRODUCTS_DIR)/CaseStudies.app/CaseStudies";
			};
			name = Debug;
		};
		21AEF009253E3B6C0057E515 /* Release */ = {
			isa = XCBuildConfiguration;
			buildSettings = {
				ALWAYS_EMBED_SWIFT_STANDARD_LIBRARIES = YES;
				BUNDLE_LOADER = "$(TEST_HOST)";
				CODE_SIGN_STYLE = Automatic;
				INFOPLIST_FILE = CaseStudiesTests/Info.plist;
				IPHONEOS_DEPLOYMENT_TARGET = 14.0;
				LD_RUNPATH_SEARCH_PATHS = (
					"$(inherited)",
					"@executable_path/Frameworks",
					"@loader_path/Frameworks",
				);
				PRODUCT_BUNDLE_IDENTIFIER = com.jlainog.CaseStudiesTests;
				PRODUCT_NAME = "$(TARGET_NAME)";
				SWIFT_VERSION = 5.0;
				TARGETED_DEVICE_FAMILY = "1,2";
				TEST_HOST = "$(BUILT_PRODUCTS_DIR)/CaseStudies.app/CaseStudies";
			};
			name = Release;
		};
/* End XCBuildConfiguration section */

/* Begin XCConfigurationList section */
		21AEEFD5253E3B690057E515 /* Build configuration list for PBXProject "CaseStudies" */ = {
			isa = XCConfigurationList;
			buildConfigurations = (
				21AEF002253E3B6C0057E515 /* Debug */,
				21AEF003253E3B6C0057E515 /* Release */,
			);
			defaultConfigurationIsVisible = 0;
			defaultConfigurationName = Release;
		};
		21AEF004253E3B6C0057E515 /* Build configuration list for PBXNativeTarget "CaseStudies" */ = {
			isa = XCConfigurationList;
			buildConfigurations = (
				21AEF005253E3B6C0057E515 /* Debug */,
				21AEF006253E3B6C0057E515 /* Release */,
			);
			defaultConfigurationIsVisible = 0;
			defaultConfigurationName = Release;
		};
		21AEF007253E3B6C0057E515 /* Build configuration list for PBXNativeTarget "CaseStudiesTests" */ = {
			isa = XCConfigurationList;
			buildConfigurations = (
				21AEF008253E3B6C0057E515 /* Debug */,
				21AEF009253E3B6C0057E515 /* Release */,
			);
			defaultConfigurationIsVisible = 0;
			defaultConfigurationName = Release;
		};
/* End XCConfigurationList section */

/* Begin XCRemoteSwiftPackageReference section */
		210A2845253FE7CA0054D0B1 /* XCRemoteSwiftPackageReference "combine-schedulers" */ = {
			isa = XCRemoteSwiftPackageReference;
			repositoryURL = "https://github.com/pointfreeco/combine-schedulers";
			requirement = {
				kind = upToNextMajorVersion;
				minimumVersion = 0.1.2;
			};
		};
/* End XCRemoteSwiftPackageReference section */

/* Begin XCSwiftPackageProductDependency section */
		210A2846253FE7CA0054D0B1 /* CombineSchedulers */ = {
			isa = XCSwiftPackageProductDependency;
			package = 210A2845253FE7CA0054D0B1 /* XCRemoteSwiftPackageReference "combine-schedulers" */;
			productName = CombineSchedulers;
		};
/* End XCSwiftPackageProductDependency section */
	};
	rootObject = 21AEEFD2253E3B690057E515 /* Project object */;
}
